
Microsoft Visual Studio Solution File, Format Version 12.00
# Visual Studio Version 17
VisualStudioVersion = 17.4.33213.308
MinimumVisualStudioVersion = 10.0.40219.1
Project("{FAE04EC0-301F-11D3-BF4B-00C04F79EFBC}") = "Kata.StringCalculator", "Kata.StringCalculator\Kata.StringCalculator.csproj", "{2E02E9C7-22E3-407C-A1DA-2958654DDC05}"
EndProject
Project("{FAE04EC0-301F-11D3-BF4B-00C04F79EFBC}") = "Kata.StringCalculator.Test", "Kata.StringCalculator.Test\Kata.StringCalculator.Test.csproj", "{3694DCC5-6C21-481D-81A0-17571E280741}"
EndProject
Global
	GlobalSection(SolutionConfigurationPlatforms) = preSolution
		Debug|Any CPU = Debug|Any CPU
		Release|Any CPU = Release|Any CPU
	EndGlobalSection
	GlobalSection(ProjectConfigurationPlatforms) = postSolution
		{2E02E9C7-22E3-407C-A1DA-2958654DDC05}.Debug|Any CPU.ActiveCfg = Debug|Any CPU
		{2E02E9C7-22E3-407C-A1DA-2958654DDC05}.Debug|Any CPU.Build.0 = Debug|Any CPU
		{2E02E9C7-22E3-407C-A1DA-2958654DDC05}.Release|Any CPU.ActiveCfg = Release|Any CPU
		{2E02E9C7-22E3-407C-A1DA-2958654DDC05}.Release|Any CPU.Build.0 = Release|Any CPU
		{3694DCC5-6C21-481D-81A0-17571E280741}.Debug|Any CPU.ActiveCfg = Debug|Any CPU
		{3694DCC5-6C21-481D-81A0-17571E280741}.Debug|Any CPU.Build.0 = Debug|Any CPU
		{3694DCC5-6C21-481D-81A0-17571E280741}.Release|Any CPU.ActiveCfg = Release|Any CPU
		{3694DCC5-6C21-481D-81A0-17571E280741}.Release|Any CPU.Build.0 = Release|Any CPU
	EndGlobalSection
	GlobalSection(SolutionProperties) = preSolution
		HideSolutionNode = FALSE
	EndGlobalSection
	GlobalSection(ExtensibilityGlobals) = postSolution
		SolutionGuid = {9C9A86CB-3E90-44CC-87EF-7E2F1382F0E9}
	EndGlobalSection
EndGlobal
