
Microsoft Visual Studio Solution File, Format Version 12.00
# Visual Studio Version 17
VisualStudioVersion = 17.4.33213.308
MinimumVisualStudioVersion = 10.0.40219.1
Project("{FAE04EC0-301F-11D3-BF4B-00C04F79EFBC}") = "Kata.RomanNumerals", "Kata.RomanNumerals\Kata.RomanNumerals.csproj", "{C32106BE-019D-47D0-87C1-4673A06A9F2F}"
EndProject
Project("{FAE04EC0-301F-11D3-BF4B-00C04F79EFBC}") = "Kata.RomanNumerals.Test", "Kata.RomanNumerals.Test\Kata.RomanNumerals.Test.csproj", "{4F33A380-669C-4ED7-A44B-B5C43C546C5E}"
EndProject
Global
	GlobalSection(SolutionConfigurationPlatforms) = preSolution
		Debug|Any CPU = Debug|Any CPU
		Release|Any CPU = Release|Any CPU
	EndGlobalSection
	GlobalSection(ProjectConfigurationPlatforms) = postSolution
		{C32106BE-019D-47D0-87C1-4673A06A9F2F}.Debug|Any CPU.ActiveCfg = Debug|Any CPU
		{C32106BE-019D-47D0-87C1-4673A06A9F2F}.Debug|Any CPU.Build.0 = Debug|Any CPU
		{C32106BE-019D-47D0-87C1-4673A06A9F2F}.Release|Any CPU.ActiveCfg = Release|Any CPU
		{C32106BE-019D-47D0-87C1-4673A06A9F2F}.Release|Any CPU.Build.0 = Release|Any CPU
		{4F33A380-669C-4ED7-A44B-B5C43C546C5E}.Debug|Any CPU.ActiveCfg = Debug|Any CPU
		{4F33A380-669C-4ED7-A44B-B5C43C546C5E}.Debug|Any CPU.Build.0 = Debug|Any CPU
		{4F33A380-669C-4ED7-A44B-B5C43C546C5E}.Release|Any CPU.ActiveCfg = Release|Any CPU
		{4F33A380-669C-4ED7-A44B-B5C43C546C5E}.Release|Any CPU.Build.0 = Release|Any CPU
	EndGlobalSection
	GlobalSection(SolutionProperties) = preSolution
		HideSolutionNode = FALSE
	EndGlobalSection
	GlobalSection(ExtensibilityGlobals) = postSolution
		SolutionGuid = {EB0766F0-8013-4AEB-9683-9A52743C6652}
	EndGlobalSection
EndGlobal
