
Microsoft Visual Studio Solution File, Format Version 12.00
# Visual Studio Version 17
VisualStudioVersion = 17.4.33213.308
MinimumVisualStudioVersion = 10.0.40219.1
Project("{FAE04EC0-301F-11D3-BF4B-00C04F79EFBC}") = "Kata.SocialNetwork", "Kata.SocialNetwork\Kata.SocialNetwork.csproj", "{1892CE03-5B74-445E-B951-562D7D9567C4}"
EndProject
Project("{FAE04EC0-301F-11D3-BF4B-00C04F79EFBC}") = "Kata.SocialNetwork.Test", "Kata.SocialNetwork.Test\Kata.SocialNetwork.Test.csproj", "{F3C397F8-B812-4BA2-9EED-F9CD4326EA89}"
EndProject
Global
	GlobalSection(SolutionConfigurationPlatforms) = preSolution
		Debug|Any CPU = Debug|Any CPU
		Release|Any CPU = Release|Any CPU
	EndGlobalSection
	GlobalSection(ProjectConfigurationPlatforms) = postSolution
		{1892CE03-5B74-445E-B951-562D7D9567C4}.Debug|Any CPU.ActiveCfg = Debug|Any CPU
		{1892CE03-5B74-445E-B951-562D7D9567C4}.Debug|Any CPU.Build.0 = Debug|Any CPU
		{1892CE03-5B74-445E-B951-562D7D9567C4}.Release|Any CPU.ActiveCfg = Release|Any CPU
		{1892CE03-5B74-445E-B951-562D7D9567C4}.Release|Any CPU.Build.0 = Release|Any CPU
		{F3C397F8-B812-4BA2-9EED-F9CD4326EA89}.Debug|Any CPU.ActiveCfg = Debug|Any CPU
		{F3C397F8-B812-4BA2-9EED-F9CD4326EA89}.Debug|Any CPU.Build.0 = Debug|Any CPU
		{F3C397F8-B812-4BA2-9EED-F9CD4326EA89}.Release|Any CPU.ActiveCfg = Release|Any CPU
		{F3C397F8-B812-4BA2-9EED-F9CD4326EA89}.Release|Any CPU.Build.0 = Release|Any CPU
	EndGlobalSection
	GlobalSection(SolutionProperties) = preSolution
		HideSolutionNode = FALSE
	EndGlobalSection
	GlobalSection(ExtensibilityGlobals) = postSolution
		SolutionGuid = {5425B6BD-EDDF-4429-B925-5F6074025103}
	EndGlobalSection
EndGlobal
