
Microsoft Visual Studio Solution File, Format Version 12.00
# Visual Studio Version 17
VisualStudioVersion = 17.4.33213.308
MinimumVisualStudioVersion = 10.0.40219.1
Project("{FAE04EC0-301F-11D3-BF4B-00C04F79EFBC}") = "Kata.LeapYear", "Kata.LeapYear\Kata.LeapYear.csproj", "{DEA9BD0F-EE64-466D-9658-3802B645A765}"
EndProject
Project("{FAE04EC0-301F-11D3-BF4B-00C04F79EFBC}") = "Kata.LeapYear.Test", "Kata.LeapYear.Test\Kata.LeapYear.Test.csproj", "{9B0BC44C-DB59-4E5E-8D96-5ED9E02CF4FC}"
EndProject
Global
	GlobalSection(SolutionConfigurationPlatforms) = preSolution
		Debug|Any CPU = Debug|Any CPU
		Release|Any CPU = Release|Any CPU
	EndGlobalSection
	GlobalSection(ProjectConfigurationPlatforms) = postSolution
		{DEA9BD0F-EE64-466D-9658-3802B645A765}.Debug|Any CPU.ActiveCfg = Debug|Any CPU
		{DEA9BD0F-EE64-466D-9658-3802B645A765}.Debug|Any CPU.Build.0 = Debug|Any CPU
		{DEA9BD0F-EE64-466D-9658-3802B645A765}.Release|Any CPU.ActiveCfg = Release|Any CPU
		{DEA9BD0F-EE64-466D-9658-3802B645A765}.Release|Any CPU.Build.0 = Release|Any CPU
		{9B0BC44C-DB59-4E5E-8D96-5ED9E02CF4FC}.Debug|Any CPU.ActiveCfg = Debug|Any CPU
		{9B0BC44C-DB59-4E5E-8D96-5ED9E02CF4FC}.Debug|Any CPU.Build.0 = Debug|Any CPU
		{9B0BC44C-DB59-4E5E-8D96-5ED9E02CF4FC}.Release|Any CPU.ActiveCfg = Release|Any CPU
		{9B0BC44C-DB59-4E5E-8D96-5ED9E02CF4FC}.Release|Any CPU.Build.0 = Release|Any CPU
	EndGlobalSection
	GlobalSection(SolutionProperties) = preSolution
		HideSolutionNode = FALSE
	EndGlobalSection
	GlobalSection(ExtensibilityGlobals) = postSolution
		SolutionGuid = {2CA7D59E-CE64-4F50-9F9E-3393A0B7D25C}
	EndGlobalSection
EndGlobal
